
Microsoft Visual Studio Solution File, Format Version 12.00
# Visual Studio Version 16
VisualStudioVersion = 25.0.1705.0
MinimumVisualStudioVersion = 10.0.40219.1
Project("{FAE04EC0-301F-11D3-BF4B-00C04F79EFBC}") = "L4751", "L4751.csproj", "{57350733-FD26-4B35-B1BD-047B3A40E226}"
EndProject
Global
	GlobalSection(SolutionConfigurationPlatforms) = preSolution
		Debug|Any CPU = Debug|Any CPU
		Release|Any CPU = Release|Any CPU
	EndGlobalSection
	GlobalSection(ProjectConfigurationPlatforms) = postSolution
		{57350733-FD26-4B35-B1BD-047B3A40E226}.Debug|Any CPU.ActiveCfg = Debug|Any CPU
		{57350733-FD26-4B35-B1BD-047B3A40E226}.Debug|Any CPU.Build.0 = Debug|Any CPU
		{57350733-FD26-4B35-B1BD-047B3A40E226}.Release|Any CPU.ActiveCfg = Release|Any CPU
		{57350733-FD26-4B35-B1BD-047B3A40E226}.Release|Any CPU.Build.0 = Release|Any CPU
	EndGlobalSection
	GlobalSection(SolutionProperties) = preSolution
		HideSolutionNode = FALSE
	EndGlobalSection
	GlobalSection(ExtensibilityGlobals) = postSolution
		SolutionGuid = {5991C680-5401-4FF6-9006-1A303B914F7C}
	EndGlobalSection
EndGlobal
